// !$*UTF8*$!
{
	archiveVersion = 1;
	classes = {
	};
	objectVersion = 55;
	objects = {

/* Begin PBXBuildFile section */
		D964804D288D92DB00F40D23 /* PrimaryButton.swift in Sources */ = {isa = PBXBuildFile; fileRef = D964804C288D92DB00F40D23 /* PrimaryButton.swift */; };
		D9648050288DAABB00F40D23 /* Extension.swift in Sources */ = {isa = PBXBuildFile; fileRef = D964804F288DAABB00F40D23 /* Extension.swift */; };
		D9648052288DB29E00F40D23 /* QuestionView.swift in Sources */ = {isa = PBXBuildFile; fileRef = D9648051288DB29E00F40D23 /* QuestionView.swift */; };
		D9648056288E908D00F40D23 /* OptionButton.swift in Sources */ = {isa = PBXBuildFile; fileRef = D9648055288E908D00F40D23 /* OptionButton.swift */; };
		D9648059288FF54900F40D23 /* Lottie in Frameworks */ = {isa = PBXBuildFile; productRef = D9648058288FF54900F40D23 /* Lottie */; };
		D964805B288FF96E00F40D23 /* LottieView.swift in Sources */ = {isa = PBXBuildFile; fileRef = D964805A288FF96E00F40D23 /* LottieView.swift */; };
		D96480632890476D00F40D23 /* confetti.json in Resources */ = {isa = PBXBuildFile; fileRef = D96480622890476D00F40D23 /* confetti.json */; };
		D96480652890477600F40D23 /* apeeling.json in Resources */ = {isa = PBXBuildFile; fileRef = D96480642890477600F40D23 /* apeeling.json */; };
		D99FDD9E288A8913006FE683 /* Nano_Challenge_2App.swift in Sources */ = {isa = PBXBuildFile; fileRef = D99FDD9D288A8913006FE683 /* Nano_Challenge_2App.swift */; };
		D99FDDA0288A8913006FE683 /* ContentView.swift in Sources */ = {isa = PBXBuildFile; fileRef = D99FDD9F288A8913006FE683 /* ContentView.swift */; };
		D99FDDA2288A8914006FE683 /* Assets.xcassets in Resources */ = {isa = PBXBuildFile; fileRef = D99FDDA1288A8914006FE683 /* Assets.xcassets */; };
		D99FDDA5288A8914006FE683 /* Preview Assets.xcassets in Resources */ = {isa = PBXBuildFile; fileRef = D99FDDA4288A8914006FE683 /* Preview Assets.xcassets */; };
/* End PBXBuildFile section */

/* Begin PBXFileReference section */
		D964804C288D92DB00F40D23 /* PrimaryButton.swift */ = {isa = PBXFileReference; lastKnownFileType = sourcecode.swift; path = PrimaryButton.swift; sourceTree = "<group>"; };
		D964804F288DAABB00F40D23 /* Extension.swift */ = {isa = PBXFileReference; lastKnownFileType = sourcecode.swift; path = Extension.swift; sourceTree = "<group>"; };
		D9648051288DB29E00F40D23 /* QuestionView.swift */ = {isa = PBXFileReference; lastKnownFileType = sourcecode.swift; path = QuestionView.swift; sourceTree = "<group>"; };
		D9648055288E908D00F40D23 /* OptionButton.swift */ = {isa = PBXFileReference; lastKnownFileType = sourcecode.swift; path = OptionButton.swift; sourceTree = "<group>"; };
		D964805A288FF96E00F40D23 /* LottieView.swift */ = {isa = PBXFileReference; lastKnownFileType = sourcecode.swift; path = LottieView.swift; sourceTree = "<group>"; };
		D96480622890476D00F40D23 /* confetti.json */ = {isa = PBXFileReference; fileEncoding = 4; lastKnownFileType = text.json; path = confetti.json; sourceTree = SOURCE_ROOT; };
		D96480642890477600F40D23 /* apeeling.json */ = {isa = PBXFileReference; fileEncoding = 4; lastKnownFileType = text.json; path = apeeling.json; sourceTree = SOURCE_ROOT; };
		D99FDD9A288A8913006FE683 /* Nano Challenge 2.app */ = {isa = PBXFileReference; explicitFileType = wrapper.application; includeInIndex = 0; path = "Nano Challenge 2.app"; sourceTree = BUILT_PRODUCTS_DIR; };
		D99FDD9D288A8913006FE683 /* Nano_Challenge_2App.swift */ = {isa = PBXFileReference; lastKnownFileType = sourcecode.swift; path = Nano_Challenge_2App.swift; sourceTree = "<group>"; };
		D99FDD9F288A8913006FE683 /* ContentView.swift */ = {isa = PBXFileReference; lastKnownFileType = sourcecode.swift; path = ContentView.swift; sourceTree = "<group>"; };
		D99FDDA1288A8914006FE683 /* Assets.xcassets */ = {isa = PBXFileReference; lastKnownFileType = folder.assetcatalog; path = Assets.xcassets; sourceTree = "<group>"; };
		D99FDDA4288A8914006FE683 /* Preview Assets.xcassets */ = {isa = PBXFileReference; lastKnownFileType = folder.assetcatalog; path = "Preview Assets.xcassets"; sourceTree = "<group>"; };
/* End PBXFileReference section */

/* Begin PBXFrameworksBuildPhase section */
		D99FDD97288A8913006FE683 /* Frameworks */ = {
			isa = PBXFrameworksBuildPhase;
			buildActionMask = 2147483647;
			files = (
				D9648059288FF54900F40D23 /* Lottie in Frameworks */,
			);
			runOnlyForDeploymentPostprocessing = 0;
		};
/* End PBXFrameworksBuildPhase section */

/* Begin PBXGroup section */
		D9648049288D8E7800F40D23 /* Components */ = {
			isa = PBXGroup;
			children = (
				D99FDDA1288A8914006FE683 /* Assets.xcassets */,
				D96480642890477600F40D23 /* apeeling.json */,
				D96480622890476D00F40D23 /* confetti.json */,
				D9648055288E908D00F40D23 /* OptionButton.swift */,
				D964804C288D92DB00F40D23 /* PrimaryButton.swift */,
			);
			path = Components;
			sourceTree = "<group>";
		};
		D964804E288D96CA00F40D23 /* Views */ = {
			isa = PBXGroup;
			children = (
				D99FDD9F288A8913006FE683 /* ContentView.swift */,
				D9648051288DB29E00F40D23 /* QuestionView.swift */,
				D964805A288FF96E00F40D23 /* LottieView.swift */,
			);
			path = Views;
			sourceTree = "<group>";
		};
		D99FDD91288A8913006FE683 = {
			isa = PBXGroup;
			children = (
				D99FDD9C288A8913006FE683 /* Nano Challenge 2 */,
				D99FDD9B288A8913006FE683 /* Products */,
			);
			sourceTree = "<group>";
		};
		D99FDD9B288A8913006FE683 /* Products */ = {
			isa = PBXGroup;
			children = (
				D99FDD9A288A8913006FE683 /* Nano Challenge 2.app */,
			);
			name = Products;
			sourceTree = "<group>";
		};
		D99FDD9C288A8913006FE683 /* Nano Challenge 2 */ = {
			isa = PBXGroup;
			children = (
				D99FDD9D288A8913006FE683 /* Nano_Challenge_2App.swift */,
				D964804E288D96CA00F40D23 /* Views */,
				D9648049288D8E7800F40D23 /* Components */,
				D99FDDA3288A8914006FE683 /* Preview Content */,
				D964804F288DAABB00F40D23 /* Extension.swift */,
			);
			path = "Nano Challenge 2";
			sourceTree = "<group>";
		};
		D99FDDA3288A8914006FE683 /* Preview Content */ = {
			isa = PBXGroup;
			children = (
				D99FDDA4288A8914006FE683 /* Preview Assets.xcassets */,
			);
			path = "Preview Content";
			sourceTree = "<group>";
		};
/* End PBXGroup section */

/* Begin PBXNativeTarget section */
		D99FDD99288A8913006FE683 /* Nano Challenge 2 */ = {
			isa = PBXNativeTarget;
			buildConfigurationList = D99FDDA8288A8914006FE683 /* Build configuration list for PBXNativeTarget "Nano Challenge 2" */;
			buildPhases = (
				D99FDD96288A8913006FE683 /* Sources */,
				D99FDD97288A8913006FE683 /* Frameworks */,
				D99FDD98288A8913006FE683 /* Resources */,
			);
			buildRules = (
			);
			dependencies = (
			);
			name = "Nano Challenge 2";
			packageProductDependencies = (
				D9648058288FF54900F40D23 /* Lottie */,
			);
			productName = "Nano Challenge 2";
			productReference = D99FDD9A288A8913006FE683 /* Nano Challenge 2.app */;
			productType = "com.apple.product-type.application";
		};
/* End PBXNativeTarget section */

/* Begin PBXProject section */
		D99FDD92288A8913006FE683 /* Project object */ = {
			isa = PBXProject;
			attributes = {
				BuildIndependentTargetsInParallel = 1;
				LastSwiftUpdateCheck = 1330;
				LastUpgradeCheck = 1330;
				TargetAttributes = {
					D99FDD99288A8913006FE683 = {
						CreatedOnToolsVersion = 13.3;
					};
				};
			};
			buildConfigurationList = D99FDD95288A8913006FE683 /* Build configuration list for PBXProject "Nano Challenge 2" */;
			compatibilityVersion = "Xcode 13.0";
			developmentRegion = en;
			hasScannedForEncodings = 0;
			knownRegions = (
				en,
				Base,
			);
			mainGroup = D99FDD91288A8913006FE683;
			packageReferences = (
				D9648057288FF54900F40D23 /* XCRemoteSwiftPackageReference "lottie-ios" */,
			);
			productRefGroup = D99FDD9B288A8913006FE683 /* Products */;
			projectDirPath = "";
			projectRoot = "";
			targets = (
				D99FDD99288A8913006FE683 /* Nano Challenge 2 */,
			);
		};
/* End PBXProject section */

/* Begin PBXResourcesBuildPhase section */
		D99FDD98288A8913006FE683 /* Resources */ = {
			isa = PBXResourcesBuildPhase;
			buildActionMask = 2147483647;
			files = (
				D99FDDA5288A8914006FE683 /* Preview Assets.xcassets in Resources */,
				D96480652890477600F40D23 /* apeeling.json in Resources */,
				D96480632890476D00F40D23 /* confetti.json in Resources */,
				D99FDDA2288A8914006FE683 /* Assets.xcassets in Resources */,
			);
			runOnlyForDeploymentPostprocessing = 0;
		};
/* End PBXResourcesBuildPhase section */

/* Begin PBXSourcesBuildPhase section */
		D99FDD96288A8913006FE683 /* Sources */ = {
			isa = PBXSourcesBuildPhase;
			buildActionMask = 2147483647;
			files = (
				D9648052288DB29E00F40D23 /* QuestionView.swift in Sources */,
				D964804D288D92DB00F40D23 /* PrimaryButton.swift in Sources */,
				D9648056288E908D00F40D23 /* OptionButton.swift in Sources */,
				D99FDDA0288A8913006FE683 /* ContentView.swift in Sources */,
				D964805B288FF96E00F40D23 /* LottieView.swift in Sources */,
				D99FDD9E288A8913006FE683 /* Nano_Challenge_2App.swift in Sources */,
				D9648050288DAABB00F40D23 /* Extension.swift in Sources */,
			);
			runOnlyForDeploymentPostprocessing = 0;
		};
/* End PBXSourcesBuildPhase section */

/* Begin XCBuildConfiguration section */
		D99FDDA6288A8914006FE683 /* Debug */ = {
			isa = XCBuildConfiguration;
			buildSettings = {
				ALWAYS_SEARCH_USER_PATHS = NO;
				CLANG_ANALYZER_NONNULL = YES;
				CLANG_ANALYZER_NUMBER_OBJECT_CONVERSION = YES_AGGRESSIVE;
				CLANG_CXX_LANGUAGE_STANDARD = "gnu++17";
				CLANG_ENABLE_MODULES = YES;
				CLANG_ENABLE_OBJC_ARC = YES;
				CLANG_ENABLE_OBJC_WEAK = YES;
				CLANG_WARN_BLOCK_CAPTURE_AUTORELEASING = YES;
				CLANG_WARN_BOOL_CONVERSION = YES;
				CLANG_WARN_COMMA = YES;
				CLANG_WARN_CONSTANT_CONVERSION = YES;
				CLANG_WARN_DEPRECATED_OBJC_IMPLEMENTATIONS = YES;
				CLANG_WARN_DIRECT_OBJC_ISA_USAGE = YES_ERROR;
				CLANG_WARN_DOCUMENTATION_COMMENTS = YES;
				CLANG_WARN_EMPTY_BODY = YES;
				CLANG_WARN_ENUM_CONVERSION = YES;
				CLANG_WARN_INFINITE_RECURSION = YES;
				CLANG_WARN_INT_CONVERSION = YES;
				CLANG_WARN_NON_LITERAL_NULL_CONVERSION = YES;
				CLANG_WARN_OBJC_IMPLICIT_RETAIN_SELF = YES;
				CLANG_WARN_OBJC_LITERAL_CONVERSION = YES;
				CLANG_WARN_OBJC_ROOT_CLASS = YES_ERROR;
				CLANG_WARN_QUOTED_INCLUDE_IN_FRAMEWORK_HEADER = YES;
				CLANG_WARN_RANGE_LOOP_ANALYSIS = YES;
				CLANG_WARN_STRICT_PROTOTYPES = YES;
				CLANG_WARN_SUSPICIOUS_MOVE = YES;
				CLANG_WARN_UNGUARDED_AVAILABILITY = YES_AGGRESSIVE;
				CLANG_WARN_UNREACHABLE_CODE = YES;
				CLANG_WARN__DUPLICATE_METHOD_MATCH = YES;
				COPY_PHASE_STRIP = NO;
				DEAD_CODE_STRIPPING = NO;
				DEBUG_INFORMATION_FORMAT = dwarf;
				ENABLE_STRICT_OBJC_MSGSEND = YES;
				ENABLE_TESTABILITY = YES;
				GCC_C_LANGUAGE_STANDARD = gnu11;
				GCC_DYNAMIC_NO_PIC = NO;
				GCC_NO_COMMON_BLOCKS = YES;
				GCC_OPTIMIZATION_LEVEL = 0;
				GCC_PREPROCESSOR_DEFINITIONS = (
					"DEBUG=1",
					"$(inherited)",
				);
				GCC_WARN_64_TO_32_BIT_CONVERSION = YES;
				GCC_WARN_ABOUT_RETURN_TYPE = YES_ERROR;
				GCC_WARN_UNDECLARED_SELECTOR = YES;
				GCC_WARN_UNINITIALIZED_AUTOS = YES_AGGRESSIVE;
				GCC_WARN_UNUSED_FUNCTION = YES;
				GCC_WARN_UNUSED_VARIABLE = YES;
				IPHONEOS_DEPLOYMENT_TARGET = 15.4;
				MTL_ENABLE_DEBUG_INFO = INCLUDE_SOURCE;
				MTL_FAST_MATH = YES;
				ONLY_ACTIVE_ARCH = YES;
				SDKROOT = iphoneos;
				SWIFT_ACTIVE_COMPILATION_CONDITIONS = DEBUG;
				SWIFT_OPTIMIZATION_LEVEL = "-Onone";
			};
			name = Debug;
		};
		D99FDDA7288A8914006FE683 /* Release */ = {
			isa = XCBuildConfiguration;
			buildSettings = {
				ALWAYS_SEARCH_USER_PATHS = NO;
				CLANG_ANALYZER_NONNULL = YES;
				CLANG_ANALYZER_NUMBER_OBJECT_CONVERSION = YES_AGGRESSIVE;
				CLANG_CXX_LANGUAGE_STANDARD = "gnu++17";
				CLANG_ENABLE_MODULES = YES;
				CLANG_ENABLE_OBJC_ARC = YES;
				CLANG_ENABLE_OBJC_WEAK = YES;
				CLANG_WARN_BLOCK_CAPTURE_AUTORELEASING = YES;
				CLANG_WARN_BOOL_CONVERSION = YES;
				CLANG_WARN_COMMA = YES;
				CLANG_WARN_CONSTANT_CONVERSION = YES;
				CLANG_WARN_DEPRECATED_OBJC_IMPLEMENTATIONS = YES;
				CLANG_WARN_DIRECT_OBJC_ISA_USAGE = YES_ERROR;
				CLANG_WARN_DOCUMENTATION_COMMENTS = YES;
				CLANG_WARN_EMPTY_BODY = YES;
				CLANG_WARN_ENUM_CONVERSION = YES;
				CLANG_WARN_INFINITE_RECURSION = YES;
				CLANG_WARN_INT_CONVERSION = YES;
				CLANG_WARN_NON_LITERAL_NULL_CONVERSION = YES;
				CLANG_WARN_OBJC_IMPLICIT_RETAIN_SELF = YES;
				CLANG_WARN_OBJC_LITERAL_CONVERSION = YES;
				CLANG_WARN_OBJC_ROOT_CLASS = YES_ERROR;
				CLANG_WARN_QUOTED_INCLUDE_IN_FRAMEWORK_HEADER = YES;
				CLANG_WARN_RANGE_LOOP_ANALYSIS = YES;
				CLANG_WARN_STRICT_PROTOTYPES = YES;
				CLANG_WARN_SUSPICIOUS_MOVE = YES;
				CLANG_WARN_UNGUARDED_AVAILABILITY = YES_AGGRESSIVE;
				CLANG_WARN_UNREACHABLE_CODE = YES;
				CLANG_WARN__DUPLICATE_METHOD_MATCH = YES;
				COPY_PHASE_STRIP = NO;
				DEAD_CODE_STRIPPING = NO;
				DEBUG_INFORMATION_FORMAT = "dwarf-with-dsym";
				ENABLE_NS_ASSERTIONS = NO;
				ENABLE_STRICT_OBJC_MSGSEND = YES;
				GCC_C_LANGUAGE_STANDARD = gnu11;
				GCC_NO_COMMON_BLOCKS = YES;
				GCC_WARN_64_TO_32_BIT_CONVERSION = YES;
				GCC_WARN_ABOUT_RETURN_TYPE = YES_ERROR;
				GCC_WARN_UNDECLARED_SELECTOR = YES;
				GCC_WARN_UNINITIALIZED_AUTOS = YES_AGGRESSIVE;
				GCC_WARN_UNUSED_FUNCTION = YES;
				GCC_WARN_UNUSED_VARIABLE = YES;
				IPHONEOS_DEPLOYMENT_TARGET = 15.4;
				MTL_ENABLE_DEBUG_INFO = NO;
				MTL_FAST_MATH = YES;
				SDKROOT = iphoneos;
				SWIFT_COMPILATION_MODE = wholemodule;
				SWIFT_OPTIMIZATION_LEVEL = "-O";
				VALIDATE_PRODUCT = YES;
			};
			name = Release;
		};
		D99FDDA9288A8914006FE683 /* Debug */ = {
			isa = XCBuildConfiguration;
			buildSettings = {
				ASSETCATALOG_COMPILER_APPICON_NAME = AppIcon;
				ASSETCATALOG_COMPILER_GLOBAL_ACCENT_COLOR_NAME = AccentColor;
				CODE_SIGN_STYLE = Automatic;
				CURRENT_PROJECT_VERSION = 1;
				DEVELOPMENT_ASSET_PATHS = "\"Nano Challenge 2/Preview Content\"";
				DEVELOPMENT_TEAM = 6PX5W2536Z;
				ENABLE_PREVIEWS = YES;
				GENERATE_INFOPLIST_FILE = YES;
				INFOPLIST_KEY_UIApplicationSceneManifest_Generation = YES;
				INFOPLIST_KEY_UIApplicationSupportsIndirectInputEvents = YES;
				INFOPLIST_KEY_UILaunchScreen_Generation = YES;
				INFOPLIST_KEY_UISupportedInterfaceOrientations_iPad = "UIInterfaceOrientationPortrait UIInterfaceOrientationPortraitUpsideDown UIInterfaceOrientationLandscapeLeft UIInterfaceOrientationLandscapeRight";
				INFOPLIST_KEY_UISupportedInterfaceOrientations_iPhone = "UIInterfaceOrientationPortrait UIInterfaceOrientationLandscapeLeft UIInterfaceOrientationLandscapeRight";
				LD_RUNPATH_SEARCH_PATHS = (
					"$(inherited)",
					"@executable_path/Frameworks",
				);
				MARKETING_VERSION = 1.0;
				PRODUCT_BUNDLE_IDENTIFIER = "Dheanda-Allen.Nano-Challenge-2";
				PRODUCT_NAME = "$(TARGET_NAME)";
				SWIFT_EMIT_LOC_STRINGS = YES;
				SWIFT_VERSION = 5.0;
				TARGETED_DEVICE_FAMILY = "1,2";
			};
			name = Debug;
		};
		D99FDDAA288A8914006FE683 /* Release */ = {
			isa = XCBuildConfiguration;
			buildSettings = {
				ASSETCATALOG_COMPILER_APPICON_NAME = AppIcon;
				ASSETCATALOG_COMPILER_GLOBAL_ACCENT_COLOR_NAME = AccentColor;
				CODE_SIGN_STYLE = Automatic;
				CURRENT_PROJECT_VERSION = 1;
				DEVELOPMENT_ASSET_PATHS = "\"Nano Challenge 2/Preview Content\"";
				DEVELOPMENT_TEAM = 6PX5W2536Z;
				ENABLE_PREVIEWS = YES;
				GENERATE_INFOPLIST_FILE = YES;
				INFOPLIST_KEY_UIApplicationSceneManifest_Generation = YES;
				INFOPLIST_KEY_UIApplicationSupportsIndirectInputEvents = YES;
				INFOPLIST_KEY_UILaunchScreen_Generation = YES;
				INFOPLIST_KEY_UISupportedInterfaceOrientations_iPad = "UIInterfaceOrientationPortrait UIInterfaceOrientationPortraitUpsideDown UIInterfaceOrientationLandscapeLeft UIInterfaceOrientationLandscapeRight";
				INFOPLIST_KEY_UISupportedInterfaceOrientations_iPhone = "UIInterfaceOrientationPortrait UIInterfaceOrientationLandscapeLeft UIInterfaceOrientationLandscapeRight";
				LD_RUNPATH_SEARCH_PATHS = (
					"$(inherited)",
					"@executable_path/Frameworks",
				);
				MARKETING_VERSION = 1.0;
				PRODUCT_BUNDLE_IDENTIFIER = "Dheanda-Allen.Nano-Challenge-2";
				PRODUCT_NAME = "$(TARGET_NAME)";
				SWIFT_EMIT_LOC_STRINGS = YES;
				SWIFT_VERSION = 5.0;
				TARGETED_DEVICE_FAMILY = "1,2";
			};
			name = Release;
		};
/* End XCBuildConfiguration section */

/* Begin XCConfigurationList section */
		D99FDD95288A8913006FE683 /* Build configuration list for PBXProject "Nano Challenge 2" */ = {
			isa = XCConfigurationList;
			buildConfigurations = (
				D99FDDA6288A8914006FE683 /* Debug */,
				D99FDDA7288A8914006FE683 /* Release */,
			);
			defaultConfigurationIsVisible = 0;
			defaultConfigurationName = Release;
		};
		D99FDDA8288A8914006FE683 /* Build configuration list for PBXNativeTarget "Nano Challenge 2" */ = {
			isa = XCConfigurationList;
			buildConfigurations = (
				D99FDDA9288A8914006FE683 /* Debug */,
				D99FDDAA288A8914006FE683 /* Release */,
			);
			defaultConfigurationIsVisible = 0;
			defaultConfigurationName = Release;
		};
/* End XCConfigurationList section */

/* Begin XCRemoteSwiftPackageReference section */
		D9648057288FF54900F40D23 /* XCRemoteSwiftPackageReference "lottie-ios" */ = {
			isa = XCRemoteSwiftPackageReference;
			repositoryURL = "https://github.com/airbnb/lottie-ios.git";
			requirement = {
				kind = upToNextMajorVersion;
				minimumVersion = 3.0.0;
			};
		};
/* End XCRemoteSwiftPackageReference section */

/* Begin XCSwiftPackageProductDependency section */
		D9648058288FF54900F40D23 /* Lottie */ = {
			isa = XCSwiftPackageProductDependency;
			package = D9648057288FF54900F40D23 /* XCRemoteSwiftPackageReference "lottie-ios" */;
			productName = Lottie;
		};
/* End XCSwiftPackageProductDependency section */
	};
	rootObject = D99FDD92288A8913006FE683 /* Project object */;
}
